
Microsoft Visual Studio Solution File, Format Version 12.00
# Visual Studio Version 16
VisualStudioVersion = 16.0.31213.239
MinimumVisualStudioVersion = 10.0.40219.1
Project("{9A19103F-16F7-4668-BE54-9A1E7A4F7556}") = "Zuozishi.Common.Libs.Extensions", "Zuozishi.Common.Libs.Extensions\Zuozishi.Common.Libs.Extensions.csproj", "{62BF47CE-A748-44A3-AD12-246C3D292540}"
EndProject
Project("{9A19103F-16F7-4668-BE54-9A1E7A4F7556}") = "Zuozishi.Common.Libs.Test", "Zuozishi.Common.Libs.Test\Zuozishi.Common.Libs.Test.csproj", "{78CBD986-30AC-420A-BB0D-59AF9160C5AB}"
EndProject
Global
	GlobalSection(SolutionConfigurationPlatforms) = preSolution
		Debug|Any CPU = Debug|Any CPU
		Release|Any CPU = Release|Any CPU
	EndGlobalSection
	GlobalSection(ProjectConfigurationPlatforms) = postSolution
		{62BF47CE-A748-44A3-AD12-246C3D292540}.Debug|Any CPU.ActiveCfg = Debug|Any CPU
		{62BF47CE-A748-44A3-AD12-246C3D292540}.Debug|Any CPU.Build.0 = Debug|Any CPU
		{62BF47CE-A748-44A3-AD12-246C3D292540}.Release|Any CPU.ActiveCfg = Release|Any CPU
		{62BF47CE-A748-44A3-AD12-246C3D292540}.Release|Any CPU.Build.0 = Release|Any CPU
		{78CBD986-30AC-420A-BB0D-59AF9160C5AB}.Debug|Any CPU.ActiveCfg = Debug|Any CPU
		{78CBD986-30AC-420A-BB0D-59AF9160C5AB}.Debug|Any CPU.Build.0 = Debug|Any CPU
		{78CBD986-30AC-420A-BB0D-59AF9160C5AB}.Release|Any CPU.ActiveCfg = Release|Any CPU
		{78CBD986-30AC-420A-BB0D-59AF9160C5AB}.Release|Any CPU.Build.0 = Release|Any CPU
	EndGlobalSection
	GlobalSection(SolutionProperties) = preSolution
		HideSolutionNode = FALSE
	EndGlobalSection
	GlobalSection(ExtensibilityGlobals) = postSolution
		SolutionGuid = {184E5C13-5392-42DB-AE99-D18575B84DD1}
	EndGlobalSection
EndGlobal
